// !$*UTF8*$!
{
	archiveVersion = 1;
	classes = {
	};
	objectVersion = 46;
	objects = {

/* Begin PBXBuildFile section */
		D5958E471C24A82C00224FF0 /* main.m in Sources */ = {isa = PBXBuildFile; fileRef = D5958E461C24A82C00224FF0 /* main.m */; };
		D5958E4A1C24A82C00224FF0 /* AppDelegate.m in Sources */ = {isa = PBXBuildFile; fileRef = D5958E491C24A82C00224FF0 /* AppDelegate.m */; };
		D5958E4D1C24A82C00224FF0 /* ViewController.m in Sources */ = {isa = PBXBuildFile; fileRef = D5958E4C1C24A82C00224FF0 /* ViewController.m */; };
		D5958E501C24A82C00224FF0 /* Main.storyboard in Resources */ = {isa = PBXBuildFile; fileRef = D5958E4E1C24A82C00224FF0 /* Main.storyboard */; };
		D5958E521C24A82C00224FF0 /* Assets.xcassets in Resources */ = {isa = PBXBuildFile; fileRef = D5958E511C24A82C00224FF0 /* Assets.xcassets */; };
		D5958E551C24A82C00224FF0 /* LaunchScreen.storyboard in Resources */ = {isa = PBXBuildFile; fileRef = D5958E531C24A82C00224FF0 /* LaunchScreen.storyboard */; };
		D5958E651C24B76100224FF0 /* PinLoginViewController.m in Sources */ = {isa = PBXBuildFile; fileRef = D5958E641C24B76100224FF0 /* PinLoginViewController.m */; settings = {ASSET_TAGS = (); }; };
		D5C363851C49834E0088DE6B /* MCPinTextField.m in Sources */ = {isa = PBXBuildFile; fileRef = D5C363821C49834E0088DE6B /* MCPinTextField.m */; settings = {ASSET_TAGS = (); }; };
		D5C363861C49834E0088DE6B /* MCPinView.m in Sources */ = {isa = PBXBuildFile; fileRef = D5C363841C49834E0088DE6B /* MCPinView.m */; settings = {ASSET_TAGS = (); }; };
/* End PBXBuildFile section */

/* Begin PBXFileReference section */
		D5958E421C24A82C00224FF0 /* MCPinView.app */ = {isa = PBXFileReference; explicitFileType = wrapper.application; includeInIndex = 0; path = MCPinView.app; sourceTree = BUILT_PRODUCTS_DIR; };
		D5958E461C24A82C00224FF0 /* main.m */ = {isa = PBXFileReference; lastKnownFileType = sourcecode.c.objc; path = main.m; sourceTree = "<group>"; };
		D5958E481C24A82C00224FF0 /* AppDelegate.h */ = {isa = PBXFileReference; lastKnownFileType = sourcecode.c.h; path = AppDelegate.h; sourceTree = "<group>"; };
		D5958E491C24A82C00224FF0 /* AppDelegate.m */ = {isa = PBXFileReference; lastKnownFileType = sourcecode.c.objc; path = AppDelegate.m; sourceTree = "<group>"; };
		D5958E4B1C24A82C00224FF0 /* ViewController.h */ = {isa = PBXFileReference; lastKnownFileType = sourcecode.c.h; path = ViewController.h; sourceTree = "<group>"; };
		D5958E4C1C24A82C00224FF0 /* ViewController.m */ = {isa = PBXFileReference; lastKnownFileType = sourcecode.c.objc; path = ViewController.m; sourceTree = "<group>"; };
		D5958E4F1C24A82C00224FF0 /* Base */ = {isa = PBXFileReference; lastKnownFileType = file.storyboard; name = Base; path = Base.lproj/Main.storyboard; sourceTree = "<group>"; };
		D5958E511C24A82C00224FF0 /* Assets.xcassets */ = {isa = PBXFileReference; lastKnownFileType = folder.assetcatalog; path = Assets.xcassets; sourceTree = "<group>"; };
		D5958E541C24A82C00224FF0 /* Base */ = {isa = PBXFileReference; lastKnownFileType = file.storyboard; name = Base; path = Base.lproj/LaunchScreen.storyboard; sourceTree = "<group>"; };
		D5958E561C24A82C00224FF0 /* Info.plist */ = {isa = PBXFileReference; lastKnownFileType = text.plist.xml; path = Info.plist; sourceTree = "<group>"; };
		D5958E631C24B76100224FF0 /* PinLoginViewController.h */ = {isa = PBXFileReference; fileEncoding = 4; lastKnownFileType = sourcecode.c.h; path = PinLoginViewController.h; sourceTree = "<group>"; };
		D5958E641C24B76100224FF0 /* PinLoginViewController.m */ = {isa = PBXFileReference; fileEncoding = 4; lastKnownFileType = sourcecode.c.objc; path = PinLoginViewController.m; sourceTree = "<group>"; };
		D5C363811C49834E0088DE6B /* MCPinTextField.h */ = {isa = PBXFileReference; fileEncoding = 4; lastKnownFileType = sourcecode.c.h; path = MCPinTextField.h; sourceTree = "<group>"; };
		D5C363821C49834E0088DE6B /* MCPinTextField.m */ = {isa = PBXFileReference; fileEncoding = 4; lastKnownFileType = sourcecode.c.objc; path = MCPinTextField.m; sourceTree = "<group>"; };
		D5C363831C49834E0088DE6B /* MCPinView.h */ = {isa = PBXFileReference; fileEncoding = 4; lastKnownFileType = sourcecode.c.h; path = MCPinView.h; sourceTree = "<group>"; };
		D5C363841C49834E0088DE6B /* MCPinView.m */ = {isa = PBXFileReference; fileEncoding = 4; lastKnownFileType = sourcecode.c.objc; path = MCPinView.m; sourceTree = "<group>"; };
/* End PBXFileReference section */

/* Begin PBXFrameworksBuildPhase section */
		D5958E3F1C24A82C00224FF0 /* Frameworks */ = {
			isa = PBXFrameworksBuildPhase;
			buildActionMask = 2147483647;
			files = (
			);
			runOnlyForDeploymentPostprocessing = 0;
		};
/* End PBXFrameworksBuildPhase section */

/* Begin PBXGroup section */
		D5958E391C24A82C00224FF0 = {
			isa = PBXGroup;
			children = (
				D5958E441C24A82C00224FF0 /* MCPinView */,
				D5958E431C24A82C00224FF0 /* Products */,
			);
			sourceTree = "<group>";
		};
		D5958E431C24A82C00224FF0 /* Products */ = {
			isa = PBXGroup;
			children = (
				D5958E421C24A82C00224FF0 /* MCPinView.app */,
			);
			name = Products;
			sourceTree = "<group>";
		};
		D5958E441C24A82C00224FF0 /* MCPinView */ = {
			isa = PBXGroup;
			children = (
				D5CD5E3C1C2B34C8001F5B73 /* MCPinView */,
				D5958E481C24A82C00224FF0 /* AppDelegate.h */,
				D5958E491C24A82C00224FF0 /* AppDelegate.m */,
				D5958E661C24B97F00224FF0 /* Example */,
				D5958E511C24A82C00224FF0 /* Assets.xcassets */,
				D5958E531C24A82C00224FF0 /* LaunchScreen.storyboard */,
				D5958E561C24A82C00224FF0 /* Info.plist */,
				D5958E451C24A82C00224FF0 /* Supporting Files */,
			);
			path = MCPinView;
			sourceTree = "<group>";
		};
		D5958E451C24A82C00224FF0 /* Supporting Files */ = {
			isa = PBXGroup;
			children = (
				D5958E461C24A82C00224FF0 /* main.m */,
			);
			name = "Supporting Files";
			sourceTree = "<group>";
		};
		D5958E661C24B97F00224FF0 /* Example */ = {
			isa = PBXGroup;
			children = (
				D5958E4B1C24A82C00224FF0 /* ViewController.h */,
				D5958E4C1C24A82C00224FF0 /* ViewController.m */,
				D5958E631C24B76100224FF0 /* PinLoginViewController.h */,
				D5958E641C24B76100224FF0 /* PinLoginViewController.m */,
				D5958E4E1C24A82C00224FF0 /* Main.storyboard */,
			);
			name = Example;
			sourceTree = "<group>";
		};
		D5CD5E3C1C2B34C8001F5B73 /* MCPinView */ = {
			isa = PBXGroup;
			children = (
				D5C363811C49834E0088DE6B /* MCPinTextField.h */,
				D5C363821C49834E0088DE6B /* MCPinTextField.m */,
				D5C363831C49834E0088DE6B /* MCPinView.h */,
				D5C363841C49834E0088DE6B /* MCPinView.m */,
			);
			path = MCPinView;
			sourceTree = "<group>";
		};
/* End PBXGroup section */

/* Begin PBXNativeTarget section */
		D5958E411C24A82C00224FF0 /* MCPinView */ = {
			isa = PBXNativeTarget;
			buildConfigurationList = D5958E591C24A82C00224FF0 /* Build configuration list for PBXNativeTarget "MCPinView" */;
			buildPhases = (
				D5958E3E1C24A82C00224FF0 /* Sources */,
				D5958E3F1C24A82C00224FF0 /* Frameworks */,
				D5958E401C24A82C00224FF0 /* Resources */,
			);
			buildRules = (
			);
			dependencies = (
			);
			name = MCPinView;
			productName = MCPinView;
			productReference = D5958E421C24A82C00224FF0 /* MCPinView.app */;
			productType = "com.apple.product-type.application";
		};
/* End PBXNativeTarget section */

/* Begin PBXProject section */
		D5958E3A1C24A82C00224FF0 /* Project object */ = {
			isa = PBXProject;
			attributes = {
				LastUpgradeCheck = 0700;
				ORGANIZATIONNAME = MarianoCornejo;
				TargetAttributes = {
					D5958E411C24A82C00224FF0 = {
						CreatedOnToolsVersion = 7.0;
					};
				};
			};
			buildConfigurationList = D5958E3D1C24A82C00224FF0 /* Build configuration list for PBXProject "MCPinView" */;
			compatibilityVersion = "Xcode 3.2";
			developmentRegion = English;
			hasScannedForEncodings = 0;
			knownRegions = (
				en,
				Base,
			);
			mainGroup = D5958E391C24A82C00224FF0;
			productRefGroup = D5958E431C24A82C00224FF0 /* Products */;
			projectDirPath = "";
			projectRoot = "";
			targets = (
				D5958E411C24A82C00224FF0 /* MCPinView */,
			);
		};
/* End PBXProject section */

/* Begin PBXResourcesBuildPhase section */
		D5958E401C24A82C00224FF0 /* Resources */ = {
			isa = PBXResourcesBuildPhase;
			buildActionMask = 2147483647;
			files = (
				D5958E551C24A82C00224FF0 /* LaunchScreen.storyboard in Resources */,
				D5958E521C24A82C00224FF0 /* Assets.xcassets in Resources */,
				D5958E501C24A82C00224FF0 /* Main.storyboard in Resources */,
			);
			runOnlyForDeploymentPostprocessing = 0;
		};
/* End PBXResourcesBuildPhase section */

/* Begin PBXSourcesBuildPhase section */
		D5958E3E1C24A82C00224FF0 /* Sources */ = {
			isa = PBXSourcesBuildPhase;
			buildActionMask = 2147483647;
			files = (
				D5958E651C24B76100224FF0 /* PinLoginViewController.m in Sources */,
				D5958E4D1C24A82C00224FF0 /* ViewController.m in Sources */,
				D5958E4A1C24A82C00224FF0 /* AppDelegate.m in Sources */,
				D5958E471C24A82C00224FF0 /* main.m in Sources */,
				D5C363861C49834E0088DE6B /* MCPinView.m in Sources */,
				D5C363851C49834E0088DE6B /* MCPinTextField.m in Sources */,
			);
			runOnlyForDeploymentPostprocessing = 0;
		};
/* End PBXSourcesBuildPhase section */

/* Begin PBXVariantGroup section */
		D5958E4E1C24A82C00224FF0 /* Main.storyboard */ = {
			isa = PBXVariantGroup;
			children = (
				D5958E4F1C24A82C00224FF0 /* Base */,
			);
			name = Main.storyboard;
			sourceTree = "<group>";
		};
		D5958E531C24A82C00224FF0 /* LaunchScreen.storyboard */ = {
			isa = PBXVariantGroup;
			children = (
				D5958E541C24A82C00224FF0 /* Base */,
			);
			name = LaunchScreen.storyboard;
			sourceTree = "<group>";
		};
/* End PBXVariantGroup section */

/* Begin XCBuildConfiguration section */
		D5958E571C24A82C00224FF0 /* Debug */ = {
			isa = XCBuildConfiguration;
			buildSettings = {
				ALWAYS_SEARCH_USER_PATHS = NO;
				CLANG_CXX_LANGUAGE_STANDARD = "gnu++0x";
				CLANG_CXX_LIBRARY = "libc++";
				CLANG_ENABLE_MODULES = YES;
				CLANG_ENABLE_OBJC_ARC = YES;
				CLANG_WARN_BOOL_CONVERSION = YES;
				CLANG_WARN_CONSTANT_CONVERSION = YES;
				CLANG_WARN_DIRECT_OBJC_ISA_USAGE = YES_ERROR;
				CLANG_WARN_EMPTY_BODY = YES;
				CLANG_WARN_ENUM_CONVERSION = YES;
				CLANG_WARN_INT_CONVERSION = YES;
				CLANG_WARN_OBJC_ROOT_CLASS = YES_ERROR;
				CLANG_WARN_UNREACHABLE_CODE = YES;
				CLANG_WARN__DUPLICATE_METHOD_MATCH = YES;
				"CODE_SIGN_IDENTITY[sdk=iphoneos*]" = "iPhone Developer";
				COPY_PHASE_STRIP = NO;
				DEBUG_INFORMATION_FORMAT = dwarf;
				ENABLE_STRICT_OBJC_MSGSEND = YES;
				ENABLE_TESTABILITY = YES;
				GCC_C_LANGUAGE_STANDARD = gnu99;
				GCC_DYNAMIC_NO_PIC = NO;
				GCC_NO_COMMON_BLOCKS = YES;
				GCC_OPTIMIZATION_LEVEL = 0;
				GCC_PREPROCESSOR_DEFINITIONS = (
					"DEBUG=1",
					"$(inherited)",
				);
				GCC_WARN_64_TO_32_BIT_CONVERSION = YES;
				GCC_WARN_ABOUT_RETURN_TYPE = YES_ERROR;
				GCC_WARN_UNDECLARED_SELECTOR = YES;
				GCC_WARN_UNINITIALIZED_AUTOS = YES_AGGRESSIVE;
				GCC_WARN_UNUSED_FUNCTION = YES;
				GCC_WARN_UNUSED_VARIABLE = YES;
				IPHONEOS_DEPLOYMENT_TARGET = 9.0;
				MTL_ENABLE_DEBUG_INFO = YES;
				ONLY_ACTIVE_ARCH = YES;
				SDKROOT = iphoneos;
				TARGETED_DEVICE_FAMILY = "1,2";
			};
			name = Debug;
		};
		D5958E581C24A82C00224FF0 /* Release */ = {
			isa = XCBuildConfiguration;
			buildSettings = {
				ALWAYS_SEARCH_USER_PATHS = NO;
				CLANG_CXX_LANGUAGE_STANDARD = "gnu++0x";
				CLANG_CXX_LIBRARY = "libc++";
				CLANG_ENABLE_MODULES = YES;
				CLANG_ENABLE_OBJC_ARC = YES;
				CLANG_WARN_BOOL_CONVERSION = YES;
				CLANG_WARN_CONSTANT_CONVERSION = YES;
				CLANG_WARN_DIRECT_OBJC_ISA_USAGE = YES_ERROR;
				CLANG_WARN_EMPTY_BODY = YES;
				CLANG_WARN_ENUM_CONVERSION = YES;
				CLANG_WARN_INT_CONVERSION = YES;
				CLANG_WARN_OBJC_ROOT_CLASS = YES_ERROR;
				CLANG_WARN_UNREACHABLE_CODE = YES;
				CLANG_WARN__DUPLICATE_METHOD_MATCH = YES;
				"CODE_SIGN_IDENTITY[sdk=iphoneos*]" = "iPhone Developer";
				COPY_PHASE_STRIP = NO;
				DEBUG_INFORMATION_FORMAT = "dwarf-with-dsym";
				ENABLE_NS_ASSERTIONS = NO;
				ENABLE_STRICT_OBJC_MSGSEND = YES;
				GCC_C_LANGUAGE_STANDARD = gnu99;
				GCC_NO_COMMON_BLOCKS = YES;
				GCC_WARN_64_TO_32_BIT_CONVERSION = YES;
				GCC_WARN_ABOUT_RETURN_TYPE = YES_ERROR;
				GCC_WARN_UNDECLARED_SELECTOR = YES;
				GCC_WARN_UNINITIALIZED_AUTOS = YES_AGGRESSIVE;
				GCC_WARN_UNUSED_FUNCTION = YES;
				GCC_WARN_UNUSED_VARIABLE = YES;
				IPHONEOS_DEPLOYMENT_TARGET = 9.0;
				MTL_ENABLE_DEBUG_INFO = NO;
				SDKROOT = iphoneos;
				TARGETED_DEVICE_FAMILY = "1,2";
				VALIDATE_PRODUCT = YES;
			};
			name = Release;
		};
		D5958E5A1C24A82C00224FF0 /* Debug */ = {
			isa = XCBuildConfiguration;
			buildSettings = {
				ASSETCATALOG_COMPILER_APPICON_NAME = AppIcon;
				INFOPLIST_FILE = MCPinView/Info.plist;
				LD_RUNPATH_SEARCH_PATHS = "$(inherited) @executable_path/Frameworks";
				PRODUCT_BUNDLE_IDENTIFIER = pe.com.MarianoCornejo.MCPinView;
				PRODUCT_NAME = "$(TARGET_NAME)";
			};
			name = Debug;
		};
		D5958E5B1C24A82C00224FF0 /* Release */ = {
			isa = XCBuildConfiguration;
			buildSettings = {
				ASSETCATALOG_COMPILER_APPICON_NAME = AppIcon;
				INFOPLIST_FILE = MCPinView/Info.plist;
				LD_RUNPATH_SEARCH_PATHS = "$(inherited) @executable_path/Frameworks";
				PRODUCT_BUNDLE_IDENTIFIER = pe.com.MarianoCornejo.MCPinView;
				PRODUCT_NAME = "$(TARGET_NAME)";
			};
			name = Release;
		};
/* End XCBuildConfiguration section */

/* Begin XCConfigurationList section */
		D5958E3D1C24A82C00224FF0 /* Build configuration list for PBXProject "MCPinView" */ = {
			isa = XCConfigurationList;
			buildConfigurations = (
				D5958E571C24A82C00224FF0 /* Debug */,
				D5958E581C24A82C00224FF0 /* Release */,
			);
			defaultConfigurationIsVisible = 0;
			defaultConfigurationName = Release;
		};
		D5958E591C24A82C00224FF0 /* Build configuration list for PBXNativeTarget "MCPinView" */ = {
			isa = XCConfigurationList;
			buildConfigurations = (
				D5958E5A1C24A82C00224FF0 /* Debug */,
				D5958E5B1C24A82C00224FF0 /* Release */,
			);
			defaultConfigurationIsVisible = 0;
			defaultConfigurationName = Release;
		};
/* End XCConfigurationList section */
	};
	rootObject = D5958E3A1C24A82C00224FF0 /* Project object */;
}
